
Microsoft Visual Studio Solution File, Format Version 12.00
# Visual Studio Version 17
VisualStudioVersion = 17.13.35825.156 d17.13
MinimumVisualStudioVersion = 10.0.40219.1
Project("{FAE04EC0-301F-11D3-BF4B-00C04F79EFBC}") = "posApplication", "posApplication\posApplication.csproj", "{ED66DBDF-8621-402D-A693-9BFE336CF4BC}"
EndProject
Global
	GlobalSection(SolutionConfigurationPlatforms) = preSolution
		Debug|Any CPU = Debug|Any CPU
		Release|Any CPU = Release|Any CPU
	EndGlobalSection
	GlobalSection(ProjectConfigurationPlatforms) = postSolution
		{ED66DBDF-8621-402D-A693-9BFE336CF4BC}.Debug|Any CPU.ActiveCfg = Debug|Any CPU
		{ED66DBDF-8621-402D-A693-9BFE336CF4BC}.Debug|Any CPU.Build.0 = Debug|Any CPU
		{ED66DBDF-8621-402D-A693-9BFE336CF4BC}.Release|Any CPU.ActiveCfg = Release|Any CPU
		{ED66DBDF-8621-402D-A693-9BFE336CF4BC}.Release|Any CPU.Build.0 = Release|Any CPU
	EndGlobalSection
	GlobalSection(SolutionProperties) = preSolution
		HideSolutionNode = FALSE
	EndGlobalSection
	GlobalSection(ExtensibilityGlobals) = postSolution
		SolutionGuid = {63D04B2B-8BC2-4585-964B-AF5FAB34DB7F}
	EndGlobalSection
EndGlobal
